
Microsoft Visual Studio Solution File, Format Version 12.00
# Visual Studio Version 16
VisualStudioVersion = 16.0.31025.194
MinimumVisualStudioVersion = 10.0.40219.1
Project("{FAE04EC0-301F-11D3-BF4B-00C04F79EFBC}") = "WorkManagementSystemTAB", "WorkManagementSystemTAB\WorkManagementSystemTAB.csproj", "{A77FFCAC-A8C6-44F1-A8FD-EB905130AC9E}"
EndProject
Global
	GlobalSection(SolutionConfigurationPlatforms) = preSolution
		Debug|Any CPU = Debug|Any CPU
		Release|Any CPU = Release|Any CPU
	EndGlobalSection
	GlobalSection(ProjectConfigurationPlatforms) = postSolution
		{A77FFCAC-A8C6-44F1-A8FD-EB905130AC9E}.Debug|Any CPU.ActiveCfg = Debug|Any CPU
		{A77FFCAC-A8C6-44F1-A8FD-EB905130AC9E}.Debug|Any CPU.Build.0 = Debug|Any CPU
		{A77FFCAC-A8C6-44F1-A8FD-EB905130AC9E}.Release|Any CPU.ActiveCfg = Release|Any CPU
		{A77FFCAC-A8C6-44F1-A8FD-EB905130AC9E}.Release|Any CPU.Build.0 = Release|Any CPU
	EndGlobalSection
	GlobalSection(SolutionProperties) = preSolution
		HideSolutionNode = FALSE
	EndGlobalSection
	GlobalSection(ExtensibilityGlobals) = postSolution
		SolutionGuid = {23A3FF16-1AD3-485C-A1A9-D6A9DF1CA521}
	EndGlobalSection
EndGlobal
